
Microsoft Visual Studio Solution File, Format Version 12.00
# Visual Studio 15
VisualStudioVersion = 15.0.26430.14
MinimumVisualStudioVersion = 10.0.40219.1
Project("{8BC9CEB8-8B4A-11D0-8D11-00A0C91BC942}") = "AuraCUE", "AuraCUE\AuraCUE.vcxproj", "{77B1C751-4C4F-4E2D-981C-73362F91E371}"
EndProject
Project("{8BC9CEB8-8B4A-11D0-8D11-00A0C91BC942}") = "Examples", "Examples\Examples.vcxproj", "{C39B191D-4735-4755-A465-3F32BEB2E4CD}"
EndProject
Global
	GlobalSection(SolutionConfigurationPlatforms) = preSolution
		Debug|x64 = Debug|x64
		Debug|x86 = Debug|x86
		Release|x64 = Release|x64
		Release|x86 = Release|x86
	EndGlobalSection
	GlobalSection(ProjectConfigurationPlatforms) = postSolution
		{77B1C751-4C4F-4E2D-981C-73362F91E371}.Debug|x64.ActiveCfg = Debug|x64
		{77B1C751-4C4F-4E2D-981C-73362F91E371}.Debug|x64.Build.0 = Debug|x64
		{77B1C751-4C4F-4E2D-981C-73362F91E371}.Debug|x86.ActiveCfg = Debug|Win32
		{77B1C751-4C4F-4E2D-981C-73362F91E371}.Debug|x86.Build.0 = Debug|Win32
		{77B1C751-4C4F-4E2D-981C-73362F91E371}.Debug|x86.Deploy.0 = Debug|Win32
		{77B1C751-4C4F-4E2D-981C-73362F91E371}.Release|x64.ActiveCfg = Release|x64
		{77B1C751-4C4F-4E2D-981C-73362F91E371}.Release|x64.Build.0 = Release|x64
		{77B1C751-4C4F-4E2D-981C-73362F91E371}.Release|x86.ActiveCfg = Release|Win32
		{77B1C751-4C4F-4E2D-981C-73362F91E371}.Release|x86.Build.0 = Release|Win32
		{C39B191D-4735-4755-A465-3F32BEB2E4CD}.Debug|x64.ActiveCfg = Debug|x64
		{C39B191D-4735-4755-A465-3F32BEB2E4CD}.Debug|x64.Build.0 = Debug|x64
		{C39B191D-4735-4755-A465-3F32BEB2E4CD}.Debug|x86.ActiveCfg = Debug|Win32
		{C39B191D-4735-4755-A465-3F32BEB2E4CD}.Debug|x86.Build.0 = Debug|Win32
		{C39B191D-4735-4755-A465-3F32BEB2E4CD}.Release|x64.ActiveCfg = Release|x64
		{C39B191D-4735-4755-A465-3F32BEB2E4CD}.Release|x64.Build.0 = Release|x64
		{C39B191D-4735-4755-A465-3F32BEB2E4CD}.Release|x86.ActiveCfg = Release|Win32
		{C39B191D-4735-4755-A465-3F32BEB2E4CD}.Release|x86.Build.0 = Release|Win32
	EndGlobalSection
	GlobalSection(SolutionProperties) = preSolution
		HideSolutionNode = FALSE
	EndGlobalSection
EndGlobal
